
Microsoft Visual Studio Solution File, Format Version 12.00
# Visual Studio Version 17
VisualStudioVersion = 17.0.31903.59
MinimumVisualStudioVersion = 10.0.40219.1
Project("{FAE04EC0-301F-11D3-BF4B-00C04F79EFBC}") = "SplitTheBillLibrary", "SplitTheBillLibrary\SplitTheBillLibrary.csproj", "{BD9486F5-3F6F-4B8E-95B7-50F9ABD1BA9C}"
EndProject
Project("{FAE04EC0-301F-11D3-BF4B-00C04F79EFBC}") = "SplitTheBillTests", "SplitTheBillTests\SplitTheBillTests.csproj", "{C96E7AF4-CA26-444D-8AC9-1EF3A04304CA}"
EndProject
Global
	GlobalSection(SolutionConfigurationPlatforms) = preSolution
		Debug|Any CPU = Debug|Any CPU
		Release|Any CPU = Release|Any CPU
	EndGlobalSection
	GlobalSection(SolutionProperties) = preSolution
		HideSolutionNode = FALSE
	EndGlobalSection
	GlobalSection(ProjectConfigurationPlatforms) = postSolution
		{BD9486F5-3F6F-4B8E-95B7-50F9ABD1BA9C}.Debug|Any CPU.ActiveCfg = Debug|Any CPU
		{BD9486F5-3F6F-4B8E-95B7-50F9ABD1BA9C}.Debug|Any CPU.Build.0 = Debug|Any CPU
		{BD9486F5-3F6F-4B8E-95B7-50F9ABD1BA9C}.Release|Any CPU.ActiveCfg = Release|Any CPU
		{BD9486F5-3F6F-4B8E-95B7-50F9ABD1BA9C}.Release|Any CPU.Build.0 = Release|Any CPU
		{C96E7AF4-CA26-444D-8AC9-1EF3A04304CA}.Debug|Any CPU.ActiveCfg = Debug|Any CPU
		{C96E7AF4-CA26-444D-8AC9-1EF3A04304CA}.Debug|Any CPU.Build.0 = Debug|Any CPU
		{C96E7AF4-CA26-444D-8AC9-1EF3A04304CA}.Release|Any CPU.ActiveCfg = Release|Any CPU
		{C96E7AF4-CA26-444D-8AC9-1EF3A04304CA}.Release|Any CPU.Build.0 = Release|Any CPU
	EndGlobalSection
EndGlobal
